
Microsoft Visual Studio Solution File, Format Version 12.00
# Visual Studio Version 17
VisualStudioVersion = 17.14.36221.1 d17.14
MinimumVisualStudioVersion = 10.0.40219.1
Project("{FAE04EC0-301F-11D3-BF4B-00C04F79EFBC}") = "BookstoreApp", "BookstoreApp\BookstoreApp.csproj", "{2758C72F-C431-41CE-AA89-B0704B200441}"
EndProject
Global
	GlobalSection(SolutionConfigurationPlatforms) = preSolution
		Debug|Any CPU = Debug|Any CPU
		Release|Any CPU = Release|Any CPU
	EndGlobalSection
	GlobalSection(ProjectConfigurationPlatforms) = postSolution
		{2758C72F-C431-41CE-AA89-B0704B200441}.Debug|Any CPU.ActiveCfg = Debug|Any CPU
		{2758C72F-C431-41CE-AA89-B0704B200441}.Debug|Any CPU.Build.0 = Debug|Any CPU
		{2758C72F-C431-41CE-AA89-B0704B200441}.Release|Any CPU.ActiveCfg = Release|Any CPU
		{2758C72F-C431-41CE-AA89-B0704B200441}.Release|Any CPU.Build.0 = Release|Any CPU
	EndGlobalSection
	GlobalSection(SolutionProperties) = preSolution
		HideSolutionNode = FALSE
	EndGlobalSection
	GlobalSection(ExtensibilityGlobals) = postSolution
		SolutionGuid = {7C2F70C0-82E9-44C3-B395-F2FEE958D33D}
	EndGlobalSection
EndGlobal
